
Microsoft Visual Studio Solution File, Format Version 12.00
# Visual Studio Version 16
VisualStudioVersion = 16.0.31727.386
MinimumVisualStudioVersion = 10.0.40219.1
Project("{9A19103F-16F7-4668-BE54-9A1E7A4F7556}") = "PaymentGateway", "PaymentGateway\PaymentGateway.csproj", "{0BEA7DF5-1C2C-4840-A92B-88A9F993B02D}"
EndProject
Project("{9A19103F-16F7-4668-BE54-9A1E7A4F7556}") = "PaymentGateway.Models", "PaymentGateway.Models\PaymentGateway.Models.csproj", "{CCC77311-EBF7-4237-8B8F-A437AD88D331}"
EndProject
Project("{9A19103F-16F7-4668-BE54-9A1E7A4F7556}") = "PaymentGateway.Application", "PaymentGateway.Application\PaymentGateway.Application.csproj", "{E431ACA6-27CB-44F5-B758-22F1C1E168EE}"
EndProject
Project("{9A19103F-16F7-4668-BE54-9A1E7A4F7556}") = "PaymentGateway.Data", "PaymentGateway.Data\PaymentGateway.Data.csproj", "{E5E87848-03E8-462C-9AA4-B4A355413504}"
EndProject
Project("{9A19103F-16F7-4668-BE54-9A1E7A4F7556}") = "PaymentGateway.PublishedLanguage", "PaymentGateway.PublishedLanguage\PaymentGateway.PublishedLanguage.csproj", "{C94CA913-A8EE-4D8C-AE1E-76D0C64BB8E8}"
EndProject
Project("{9A19103F-16F7-4668-BE54-9A1E7A4F7556}") = "PaymentGateway.Abstractions", "Abstractions\PaymentGateway.Abstractions.csproj", "{543E6ED4-472F-4731-BE79-4BC268E63DFD}"
EndProject
Project("{9A19103F-16F7-4668-BE54-9A1E7A4F7556}") = "PaymentGateway.ExternalService", "PaymentGateway.ExternalService\PaymentGateway.ExternalService.csproj", "{B066D547-7BBA-4B63-9B8E-3B13C82666C7}"
EndProject
Project("{2150E333-8FDC-42A3-9474-1A3956D46DE8}") = "Solution item", "Solution item", "{4CA736D9-742C-4A85-AB2C-B926660B6DCC}"
	ProjectSection(SolutionItems) = preProject
		dependencies.props = dependencies.props
		Directory.Build.props = Directory.Build.props
		NuGet.config = NuGet.config
	EndProjectSection
EndProject
Project("{9A19103F-16F7-4668-BE54-9A1E7A4F7556}") = "PaymentGateway.WebApi", "PaymentGateway.WebApi\PaymentGateway.WebApi.csproj", "{4D33A84B-D874-4F8C-A5BB-6D1F7AA14052}"
EndProject
Global
	GlobalSection(SolutionConfigurationPlatforms) = preSolution
		Debug|Any CPU = Debug|Any CPU
		Release|Any CPU = Release|Any CPU
	EndGlobalSection
	GlobalSection(ProjectConfigurationPlatforms) = postSolution
		{0BEA7DF5-1C2C-4840-A92B-88A9F993B02D}.Debug|Any CPU.ActiveCfg = Debug|Any CPU
		{0BEA7DF5-1C2C-4840-A92B-88A9F993B02D}.Debug|Any CPU.Build.0 = Debug|Any CPU
		{0BEA7DF5-1C2C-4840-A92B-88A9F993B02D}.Release|Any CPU.ActiveCfg = Release|Any CPU
		{0BEA7DF5-1C2C-4840-A92B-88A9F993B02D}.Release|Any CPU.Build.0 = Release|Any CPU
		{CCC77311-EBF7-4237-8B8F-A437AD88D331}.Debug|Any CPU.ActiveCfg = Debug|Any CPU
		{CCC77311-EBF7-4237-8B8F-A437AD88D331}.Debug|Any CPU.Build.0 = Debug|Any CPU
		{CCC77311-EBF7-4237-8B8F-A437AD88D331}.Release|Any CPU.ActiveCfg = Release|Any CPU
		{CCC77311-EBF7-4237-8B8F-A437AD88D331}.Release|Any CPU.Build.0 = Release|Any CPU
		{E431ACA6-27CB-44F5-B758-22F1C1E168EE}.Debug|Any CPU.ActiveCfg = Debug|Any CPU
		{E431ACA6-27CB-44F5-B758-22F1C1E168EE}.Debug|Any CPU.Build.0 = Debug|Any CPU
		{E431ACA6-27CB-44F5-B758-22F1C1E168EE}.Release|Any CPU.ActiveCfg = Release|Any CPU
		{E431ACA6-27CB-44F5-B758-22F1C1E168EE}.Release|Any CPU.Build.0 = Release|Any CPU
		{E5E87848-03E8-462C-9AA4-B4A355413504}.Debug|Any CPU.ActiveCfg = Debug|Any CPU
		{E5E87848-03E8-462C-9AA4-B4A355413504}.Debug|Any CPU.Build.0 = Debug|Any CPU
		{E5E87848-03E8-462C-9AA4-B4A355413504}.Release|Any CPU.ActiveCfg = Release|Any CPU
		{E5E87848-03E8-462C-9AA4-B4A355413504}.Release|Any CPU.Build.0 = Release|Any CPU
		{C94CA913-A8EE-4D8C-AE1E-76D0C64BB8E8}.Debug|Any CPU.ActiveCfg = Debug|Any CPU
		{C94CA913-A8EE-4D8C-AE1E-76D0C64BB8E8}.Debug|Any CPU.Build.0 = Debug|Any CPU
		{C94CA913-A8EE-4D8C-AE1E-76D0C64BB8E8}.Release|Any CPU.ActiveCfg = Release|Any CPU
		{C94CA913-A8EE-4D8C-AE1E-76D0C64BB8E8}.Release|Any CPU.Build.0 = Release|Any CPU
		{543E6ED4-472F-4731-BE79-4BC268E63DFD}.Debug|Any CPU.ActiveCfg = Debug|Any CPU
		{543E6ED4-472F-4731-BE79-4BC268E63DFD}.Debug|Any CPU.Build.0 = Debug|Any CPU
		{543E6ED4-472F-4731-BE79-4BC268E63DFD}.Release|Any CPU.ActiveCfg = Release|Any CPU
		{543E6ED4-472F-4731-BE79-4BC268E63DFD}.Release|Any CPU.Build.0 = Release|Any CPU
		{B066D547-7BBA-4B63-9B8E-3B13C82666C7}.Debug|Any CPU.ActiveCfg = Debug|Any CPU
		{B066D547-7BBA-4B63-9B8E-3B13C82666C7}.Debug|Any CPU.Build.0 = Debug|Any CPU
		{B066D547-7BBA-4B63-9B8E-3B13C82666C7}.Release|Any CPU.ActiveCfg = Release|Any CPU
		{B066D547-7BBA-4B63-9B8E-3B13C82666C7}.Release|Any CPU.Build.0 = Release|Any CPU
		{4D33A84B-D874-4F8C-A5BB-6D1F7AA14052}.Debug|Any CPU.ActiveCfg = Debug|Any CPU
		{4D33A84B-D874-4F8C-A5BB-6D1F7AA14052}.Debug|Any CPU.Build.0 = Debug|Any CPU
		{4D33A84B-D874-4F8C-A5BB-6D1F7AA14052}.Release|Any CPU.ActiveCfg = Release|Any CPU
		{4D33A84B-D874-4F8C-A5BB-6D1F7AA14052}.Release|Any CPU.Build.0 = Release|Any CPU
	EndGlobalSection
	GlobalSection(SolutionProperties) = preSolution
		HideSolutionNode = FALSE
	EndGlobalSection
	GlobalSection(ExtensibilityGlobals) = postSolution
		SolutionGuid = {7B7A43FC-8B17-48F3-9E7E-DC1105970D42}
	EndGlobalSection
EndGlobal
